
Microsoft Visual Studio Solution File, Format Version 12.00
# Visual Studio Version 17
VisualStudioVersion = 17.0.31903.59
MinimumVisualStudioVersion = 10.0.40219.1
Project("{FAE04EC0-301F-11D3-BF4B-00C04F79EFBC}") = "MyLib", "MyLib\MyLib.csproj", "{8DAB9A4D-37F6-4938-AEEA-1085BEEFB39C}"
EndProject
Project("{FAE04EC0-301F-11D3-BF4B-00C04F79EFBC}") = "MyUnit", "MyUnit\MyUnit.csproj", "{4185612E-FB0D-44B9-970E-F36C3DB598F0}"
EndProject
Global
	GlobalSection(SolutionConfigurationPlatforms) = preSolution
		Debug|Any CPU = Debug|Any CPU
		Debug|x64 = Debug|x64
		Debug|x86 = Debug|x86
		Release|Any CPU = Release|Any CPU
		Release|x64 = Release|x64
		Release|x86 = Release|x86
	EndGlobalSection
	GlobalSection(ProjectConfigurationPlatforms) = postSolution
		{8DAB9A4D-37F6-4938-AEEA-1085BEEFB39C}.Debug|Any CPU.ActiveCfg = Debug|Any CPU
		{8DAB9A4D-37F6-4938-AEEA-1085BEEFB39C}.Debug|Any CPU.Build.0 = Debug|Any CPU
		{8DAB9A4D-37F6-4938-AEEA-1085BEEFB39C}.Debug|x64.ActiveCfg = Debug|Any CPU
		{8DAB9A4D-37F6-4938-AEEA-1085BEEFB39C}.Debug|x64.Build.0 = Debug|Any CPU
		{8DAB9A4D-37F6-4938-AEEA-1085BEEFB39C}.Debug|x86.ActiveCfg = Debug|Any CPU
		{8DAB9A4D-37F6-4938-AEEA-1085BEEFB39C}.Debug|x86.Build.0 = Debug|Any CPU
		{8DAB9A4D-37F6-4938-AEEA-1085BEEFB39C}.Release|Any CPU.ActiveCfg = Release|Any CPU
		{8DAB9A4D-37F6-4938-AEEA-1085BEEFB39C}.Release|Any CPU.Build.0 = Release|Any CPU
		{8DAB9A4D-37F6-4938-AEEA-1085BEEFB39C}.Release|x64.ActiveCfg = Release|Any CPU
		{8DAB9A4D-37F6-4938-AEEA-1085BEEFB39C}.Release|x64.Build.0 = Release|Any CPU
		{8DAB9A4D-37F6-4938-AEEA-1085BEEFB39C}.Release|x86.ActiveCfg = Release|Any CPU
		{8DAB9A4D-37F6-4938-AEEA-1085BEEFB39C}.Release|x86.Build.0 = Release|Any CPU
		{4185612E-FB0D-44B9-970E-F36C3DB598F0}.Debug|Any CPU.ActiveCfg = Debug|Any CPU
		{4185612E-FB0D-44B9-970E-F36C3DB598F0}.Debug|Any CPU.Build.0 = Debug|Any CPU
		{4185612E-FB0D-44B9-970E-F36C3DB598F0}.Debug|x64.ActiveCfg = Debug|Any CPU
		{4185612E-FB0D-44B9-970E-F36C3DB598F0}.Debug|x64.Build.0 = Debug|Any CPU
		{4185612E-FB0D-44B9-970E-F36C3DB598F0}.Debug|x86.ActiveCfg = Debug|Any CPU
		{4185612E-FB0D-44B9-970E-F36C3DB598F0}.Debug|x86.Build.0 = Debug|Any CPU
		{4185612E-FB0D-44B9-970E-F36C3DB598F0}.Release|Any CPU.ActiveCfg = Release|Any CPU
		{4185612E-FB0D-44B9-970E-F36C3DB598F0}.Release|Any CPU.Build.0 = Release|Any CPU
		{4185612E-FB0D-44B9-970E-F36C3DB598F0}.Release|x64.ActiveCfg = Release|Any CPU
		{4185612E-FB0D-44B9-970E-F36C3DB598F0}.Release|x64.Build.0 = Release|Any CPU
		{4185612E-FB0D-44B9-970E-F36C3DB598F0}.Release|x86.ActiveCfg = Release|Any CPU
		{4185612E-FB0D-44B9-970E-F36C3DB598F0}.Release|x86.Build.0 = Release|Any CPU
	EndGlobalSection
	GlobalSection(SolutionProperties) = preSolution
		HideSolutionNode = FALSE
	EndGlobalSection
EndGlobal
